
Microsoft Visual Studio Solution File, Format Version 12.00
# Visual Studio 15
VisualStudioVersion = 15.0.27130.2010
MinimumVisualStudioVersion = 10.0.40219.1
Project("{FAE04EC0-301F-11D3-BF4B-00C04F79EFBC}") = "BookCheckInAndOut", "BookCheckInAndOut\BookCheckInAndOut.csproj", "{A3313BEA-E6E6-4AAA-A636-97940FD27CA4}"
EndProject
Project("{FAE04EC0-301F-11D3-BF4B-00C04F79EFBC}") = "DBAccess", "DBAccess\DBAccess.csproj", "{54121655-F718-4F34-8170-EEF435A73ABC}"
EndProject
Project("{FAE04EC0-301F-11D3-BF4B-00C04F79EFBC}") = "BusinessLogic", "BusinessLogic\BusinessLogic.csproj", "{8C513128-4487-488D-BDDD-65AC5446F200}"
EndProject
Project("{2150E333-8FDC-42A3-9474-1A3956D46DE8}") = "Foundation", "Foundation", "{E3ACEC24-ADD3-42FC-A369-6F01AC57B3B6}"
EndProject
Project("{FAE04EC0-301F-11D3-BF4B-00C04F79EFBC}") = "Foundation.Shared", "Foundation.Shared\Foundation.Shared.csproj", "{663BFE6C-860B-442F-844A-6D963D5E1B6B}"
EndProject
Project("{2150E333-8FDC-42A3-9474-1A3956D46DE8}") = "Clients", "Clients", "{690E6E95-CC43-4D7B-86CD-CFDD5C531B3E}"
EndProject
Project("{2150E333-8FDC-42A3-9474-1A3956D46DE8}") = "Domain", "Domain", "{414B6546-8F7F-4690-AC47-012AD68D2299}"
EndProject
Global
	GlobalSection(SolutionConfigurationPlatforms) = preSolution
		Debug|Any CPU = Debug|Any CPU
		Release|Any CPU = Release|Any CPU
	EndGlobalSection
	GlobalSection(ProjectConfigurationPlatforms) = postSolution
		{A3313BEA-E6E6-4AAA-A636-97940FD27CA4}.Debug|Any CPU.ActiveCfg = Debug|Any CPU
		{A3313BEA-E6E6-4AAA-A636-97940FD27CA4}.Debug|Any CPU.Build.0 = Debug|Any CPU
		{A3313BEA-E6E6-4AAA-A636-97940FD27CA4}.Release|Any CPU.ActiveCfg = Release|Any CPU
		{A3313BEA-E6E6-4AAA-A636-97940FD27CA4}.Release|Any CPU.Build.0 = Release|Any CPU
		{54121655-F718-4F34-8170-EEF435A73ABC}.Debug|Any CPU.ActiveCfg = Debug|Any CPU
		{54121655-F718-4F34-8170-EEF435A73ABC}.Debug|Any CPU.Build.0 = Debug|Any CPU
		{54121655-F718-4F34-8170-EEF435A73ABC}.Release|Any CPU.ActiveCfg = Release|Any CPU
		{54121655-F718-4F34-8170-EEF435A73ABC}.Release|Any CPU.Build.0 = Release|Any CPU
		{8C513128-4487-488D-BDDD-65AC5446F200}.Debug|Any CPU.ActiveCfg = Debug|Any CPU
		{8C513128-4487-488D-BDDD-65AC5446F200}.Debug|Any CPU.Build.0 = Debug|Any CPU
		{8C513128-4487-488D-BDDD-65AC5446F200}.Release|Any CPU.ActiveCfg = Release|Any CPU
		{8C513128-4487-488D-BDDD-65AC5446F200}.Release|Any CPU.Build.0 = Release|Any CPU
		{663BFE6C-860B-442F-844A-6D963D5E1B6B}.Debug|Any CPU.ActiveCfg = Debug|Any CPU
		{663BFE6C-860B-442F-844A-6D963D5E1B6B}.Debug|Any CPU.Build.0 = Debug|Any CPU
		{663BFE6C-860B-442F-844A-6D963D5E1B6B}.Release|Any CPU.ActiveCfg = Release|Any CPU
		{663BFE6C-860B-442F-844A-6D963D5E1B6B}.Release|Any CPU.Build.0 = Release|Any CPU
	EndGlobalSection
	GlobalSection(SolutionProperties) = preSolution
		HideSolutionNode = FALSE
	EndGlobalSection
	GlobalSection(NestedProjects) = preSolution
		{A3313BEA-E6E6-4AAA-A636-97940FD27CA4} = {690E6E95-CC43-4D7B-86CD-CFDD5C531B3E}
		{54121655-F718-4F34-8170-EEF435A73ABC} = {414B6546-8F7F-4690-AC47-012AD68D2299}
		{8C513128-4487-488D-BDDD-65AC5446F200} = {414B6546-8F7F-4690-AC47-012AD68D2299}
		{663BFE6C-860B-442F-844A-6D963D5E1B6B} = {E3ACEC24-ADD3-42FC-A369-6F01AC57B3B6}
	EndGlobalSection
	GlobalSection(ExtensibilityGlobals) = postSolution
		EnterpriseLibraryConfigurationToolBinariesPath = packages\EnterpriseLibrary.Caching.5.0.505.0\lib\NET35;packages\EnterpriseLibrary.Caching.Database.5.0.505.0\lib\NET35
		EnterpriseLibraryConfigurationToolBinariesPathV6 = packages\EnterpriseLibrary.Common.6.0.1304.0\lib\NET45;packages\EnterpriseLibrary.Data.6.0.1304.0\lib\NET45
		SolutionGuid = {ECFD4B25-DDDD-4DAB-8769-0598C76940A2}
	EndGlobalSection
EndGlobal
